
Microsoft Visual Studio Solution File, Format Version 12.00
# Visual Studio Version 16
VisualStudioVersion = 16.0.29911.84
MinimumVisualStudioVersion = 10.0.40219.1
Project("{FAE04EC0-301F-11D3-BF4B-00C04F79EFBC}") = "eShopSolution.WebApp", "eShopSolution.WebApp\eShopSolution.WebApp.csproj", "{58CB54B5-4B69-45E2-BE5E-E49A181488E3}"
EndProject
Global
	GlobalSection(SolutionConfigurationPlatforms) = preSolution
		Debug|Any CPU = Debug|Any CPU
		Release|Any CPU = Release|Any CPU
	EndGlobalSection
	GlobalSection(ProjectConfigurationPlatforms) = postSolution
		{58CB54B5-4B69-45E2-BE5E-E49A181488E3}.Debug|Any CPU.ActiveCfg = Debug|Any CPU
		{58CB54B5-4B69-45E2-BE5E-E49A181488E3}.Debug|Any CPU.Build.0 = Debug|Any CPU
		{58CB54B5-4B69-45E2-BE5E-E49A181488E3}.Release|Any CPU.ActiveCfg = Release|Any CPU
		{58CB54B5-4B69-45E2-BE5E-E49A181488E3}.Release|Any CPU.Build.0 = Release|Any CPU
	EndGlobalSection
	GlobalSection(SolutionProperties) = preSolution
		HideSolutionNode = FALSE
	EndGlobalSection
	GlobalSection(ExtensibilityGlobals) = postSolution
		SolutionGuid = {404EB813-65A7-43A1-A9CA-C70C1B8DA3A8}
	EndGlobalSection
EndGlobal
