
Microsoft Visual Studio Solution File, Format Version 12.00
# Visual Studio Version 16
VisualStudioVersion = 16.0.29911.84
MinimumVisualStudioVersion = 10.0.40219.1
Project("{9A19103F-16F7-4668-BE54-9A1E7A4F7556}") = "eShopSolution.WebApp", "eShopSolution.WebApp\eShopSolution.WebApp.csproj", "{58CB54B5-4B69-45E2-BE5E-E49A181488E3}"
EndProject
Project("{2150E333-8FDC-42A3-9474-1A3956D46DE8}") = "Solution Items", "Solution Items", "{FF11158B-027A-4D72-A530-56816236D05E}"
	ProjectSection(SolutionItems) = preProject
		README.md = README.md
	EndProjectSection
EndProject
Project("{9A19103F-16F7-4668-BE54-9A1E7A4F7556}") = "eShopSolution.Data", "eShopSolution.Data\eShopSolution.Data.csproj", "{D94B0F71-4DE1-4D11-A554-0CC725D8ADBD}"
EndProject
Project("{9A19103F-16F7-4668-BE54-9A1E7A4F7556}") = "eShopSolution.Application", "eShopSolution.Application\eShopSolution.Application.csproj", "{7F888FDA-F4A8-49DA-8532-B4BC0DF8FB42}"
EndProject
Project("{FAE04EC0-301F-11D3-BF4B-00C04F79EFBC}") = "eShopSolution.Utilities", "eShopSolution.Utilities\eShopSolution.Utilities.csproj", "{C2E59323-DEA7-4A38-A8D8-6EA064506CAE}"
EndProject
Global
	GlobalSection(SolutionConfigurationPlatforms) = preSolution
		Debug|Any CPU = Debug|Any CPU
		Release|Any CPU = Release|Any CPU
	EndGlobalSection
	GlobalSection(ProjectConfigurationPlatforms) = postSolution
		{58CB54B5-4B69-45E2-BE5E-E49A181488E3}.Debug|Any CPU.ActiveCfg = Debug|Any CPU
		{58CB54B5-4B69-45E2-BE5E-E49A181488E3}.Debug|Any CPU.Build.0 = Debug|Any CPU
		{58CB54B5-4B69-45E2-BE5E-E49A181488E3}.Release|Any CPU.ActiveCfg = Release|Any CPU
		{58CB54B5-4B69-45E2-BE5E-E49A181488E3}.Release|Any CPU.Build.0 = Release|Any CPU
		{D94B0F71-4DE1-4D11-A554-0CC725D8ADBD}.Debug|Any CPU.ActiveCfg = Debug|Any CPU
		{D94B0F71-4DE1-4D11-A554-0CC725D8ADBD}.Debug|Any CPU.Build.0 = Debug|Any CPU
		{D94B0F71-4DE1-4D11-A554-0CC725D8ADBD}.Release|Any CPU.ActiveCfg = Release|Any CPU
		{D94B0F71-4DE1-4D11-A554-0CC725D8ADBD}.Release|Any CPU.Build.0 = Release|Any CPU
		{7F888FDA-F4A8-49DA-8532-B4BC0DF8FB42}.Debug|Any CPU.ActiveCfg = Debug|Any CPU
		{7F888FDA-F4A8-49DA-8532-B4BC0DF8FB42}.Debug|Any CPU.Build.0 = Debug|Any CPU
		{7F888FDA-F4A8-49DA-8532-B4BC0DF8FB42}.Release|Any CPU.ActiveCfg = Release|Any CPU
		{7F888FDA-F4A8-49DA-8532-B4BC0DF8FB42}.Release|Any CPU.Build.0 = Release|Any CPU
		{C2E59323-DEA7-4A38-A8D8-6EA064506CAE}.Debug|Any CPU.ActiveCfg = Debug|Any CPU
		{C2E59323-DEA7-4A38-A8D8-6EA064506CAE}.Debug|Any CPU.Build.0 = Debug|Any CPU
		{C2E59323-DEA7-4A38-A8D8-6EA064506CAE}.Release|Any CPU.ActiveCfg = Release|Any CPU
		{C2E59323-DEA7-4A38-A8D8-6EA064506CAE}.Release|Any CPU.Build.0 = Release|Any CPU
	EndGlobalSection
	GlobalSection(SolutionProperties) = preSolution
		HideSolutionNode = FALSE
	EndGlobalSection
	GlobalSection(ExtensibilityGlobals) = postSolution
		SolutionGuid = {404EB813-65A7-43A1-A9CA-C70C1B8DA3A8}
	EndGlobalSection
EndGlobal
